
Microsoft Visual Studio Solution File, Format Version 12.00
# Visual Studio Version 17
VisualStudioVersion = 17.13.35919.96 d17.13
MinimumVisualStudioVersion = 10.0.40219.1
Project("{FAE04EC0-301F-11D3-BF4B-00C04F79EFBC}") = "kronometre", "kronometre\kronometre.csproj", "{2D916791-8052-4AB1-95CA-EEFF653A635B}"
EndProject
Global
	GlobalSection(SolutionConfigurationPlatforms) = preSolution
		Debug|Any CPU = Debug|Any CPU
		Release|Any CPU = Release|Any CPU
	EndGlobalSection
	GlobalSection(ProjectConfigurationPlatforms) = postSolution
		{2D916791-8052-4AB1-95CA-EEFF653A635B}.Debug|Any CPU.ActiveCfg = Debug|Any CPU
		{2D916791-8052-4AB1-95CA-EEFF653A635B}.Debug|Any CPU.Build.0 = Debug|Any CPU
		{2D916791-8052-4AB1-95CA-EEFF653A635B}.Release|Any CPU.ActiveCfg = Release|Any CPU
		{2D916791-8052-4AB1-95CA-EEFF653A635B}.Release|Any CPU.Build.0 = Release|Any CPU
	EndGlobalSection
	GlobalSection(SolutionProperties) = preSolution
		HideSolutionNode = FALSE
	EndGlobalSection
	GlobalSection(ExtensibilityGlobals) = postSolution
		SolutionGuid = {2DD41007-12D9-408B-AE8F-4F70F18DBE2A}
	EndGlobalSection
EndGlobal
